# SafeLIBERO integration baseline, captured 2026-09-21 (Asia/Shanghai).
# This records the immutable Git bases. Existing dirty changes are deliberately
# preserved and are not part of either commit.

RLINF_REPOSITORY=/cpfs/xlab/xujingbo/safety/RLinf
RLINF_COMMIT=3f71bda5fed2f40f27f8c4f238e1a29213085299
RLINF_PREINTEGRATION_DIFF_SHA256=59f45996fe32756ce83d5207bb1f382b564db42d33a654d593514a73e5f50c91

SAFELIBERO_REPOSITORY=/cpfs/xlab/xujingbo/safety/vlsa-aegis
SAFELIBERO_COMMIT=57b1aef306f212aea3574b0a3b64aa1a3d8f5e4b
SAFELIBERO_PREINTEGRATION_DIFF_SHA256=6e7daeda33f9d94d6a563b56071f195a730da502a90cc0a7fc90d453cdc01bdb

BASE_VENV=/cpfs/xlab/xujingbo/safety/RLinf/.venv-openvlaoft-libero
SAFELIBERO_VENV=/cpfs/xlab/xujingbo/safety/RLinf/.venv-openvaloft-safelibero
